
Microsoft Visual Studio Solution File, Format Version 12.00
# Visual Studio 15
VisualStudioVersion = 15.0.27004.2005
MinimumVisualStudioVersion = 10.0.40219.1
Project("{FAE04EC0-301F-11D3-BF4B-00C04F79EFBC}") = "LoriaNET", "Loria.Core\LoriaNET.csproj", "{1EF35DB9-E062-4C14-98EF-80AA4B510BDA}"
EndProject
Project("{2150E333-8FDC-42A3-9474-1A3956D46DE8}") = "Microsoft.CognitiveServices", "Microsoft.CognitiveServices", "{70A01D63-10BC-4B5D-B0FD-96667731E904}"
EndProject
Project("{FAE04EC0-301F-11D3-BF4B-00C04F79EFBC}") = "Microsoft.CognitiveServices", "Microsoft.CognitiveServices\Microsoft.CognitiveServices\Microsoft.CognitiveServices.csproj", "{26F6DF79-FA0C-419F-8AE9-B7E82F5DD0D8}"
EndProject
Project("{FAE04EC0-301F-11D3-BF4B-00C04F79EFBC}") = "Loria.App", "Loria.App\Loria.App.csproj", "{9E77AF1A-BBB3-4E1B-A1C5-1214F2736FE9}"
EndProject
Project("{2150E333-8FDC-42A3-9474-1A3956D46DE8}") = "Libraries", "Libraries", "{21383DAC-9402-4FB0-BF3C-05F4B3059FC3}"
EndProject
Project("{FAE04EC0-301F-11D3-BF4B-00C04F79EFBC}") = "Loria.Spotify", "Libraries\Loria.Spotify\Loria.Spotify.csproj", "{B5FA7CD5-BCF2-42E2-AA77-B719E7C3849F}"
EndProject
Project("{FAE04EC0-301F-11D3-BF4B-00C04F79EFBC}") = "Loria.Spotify.Test", "Libraries\Loria.Spotify.Test\Loria.Spotify.Test.csproj", "{52472918-A603-45B1-8257-EE3B5E50CEBC}"
EndProject
Project("{FAE04EC0-301F-11D3-BF4B-00C04F79EFBC}") = "Loria.Google", "Libraries\Loria.Google\Loria.Google.csproj", "{9A39AE98-6F33-489F-A4CB-FFA9875DAE96}"
EndProject
Project("{FAE04EC0-301F-11D3-BF4B-00C04F79EFBC}") = "Loria.Google.Test", "Libraries\Loria.Google.Test\Loria.Google.Test.csproj", "{9F42351D-B1B7-4EA6-8481-95EDD0AFAE11}"
EndProject
Project("{FAE04EC0-301F-11D3-BF4B-00C04F79EFBC}") = "Loria.Voice", "Libraries\Loria.Voice\Loria.Voice.csproj", "{6C133A56-DF8B-4C8C-9DD1-0F438E2FC4F7}"
EndProject
Project("{FAE04EC0-301F-11D3-BF4B-00C04F79EFBC}") = "Loria.Voice.Test", "Libraries\Loria.Voice.Test\Loria.Voice.Test.csproj", "{03FEA6A8-A839-460C-B9E6-C7F88EDA2731}"
EndProject
Project("{FAE04EC0-301F-11D3-BF4B-00C04F79EFBC}") = "Loria.Tests", "Loria.Tests\Loria.Tests.csproj", "{0FAA3DD1-6E44-44DA-A03B-F45050F8172A}"
EndProject
Project("{2150E333-8FDC-42A3-9474-1A3956D46DE8}") = "v1", "v1", "{0939675F-36F8-43EB-93AA-0D08057AE5D2}"
	ProjectSection(SolutionItems) = preProject
		README.md = README.md
	EndProjectSection
EndProject
Project("{FAE04EC0-301F-11D3-BF4B-00C04F79EFBC}") = "Loria.Core", "v1\Loria.Core\Loria.Core.csproj", "{32FBB078-3950-40FA-9DAD-D69532ABE2A6}"
EndProject
Project("{FAE04EC0-301F-11D3-BF4B-00C04F79EFBC}") = "Loria.Core.Tests", "v1\Loria.Core.Tests\Loria.Core.Tests.csproj", "{CB7A0E3F-C81F-454C-9BBB-AA13584AA087}"
EndProject
Project("{FAE04EC0-301F-11D3-BF4B-00C04F79EFBC}") = "Loria.App", "v1\Loria.App\Loria.App.csproj", "{F18823FE-4D7D-4BA5-9B95-8308C283F96B}"
EndProject
Project("{2150E333-8FDC-42A3-9474-1A3956D46DE8}") = "Modules", "Modules", "{C94C9F00-C2FC-4ECB-9FD6-F286D21E182A}"
EndProject
Project("{FAE04EC0-301F-11D3-BF4B-00C04F79EFBC}") = "Loria.Modules.Console", "v1\Modules\Loria.Modules.Console\Loria.Modules.Console.csproj", "{B5C46C79-2039-4098-9A63-1582DC5C00F0}"
EndProject
Project("{FAE04EC0-301F-11D3-BF4B-00C04F79EFBC}") = "Loria.Modules.Help", "v1\Modules\Loria.Modules.Help\Loria.Modules.Help.csproj", "{03762660-E876-4C51-8FE7-405CF59D1E8E}"
EndProject
Project("{FAE04EC0-301F-11D3-BF4B-00C04F79EFBC}") = "Loria.Modules.Broadcast", "v1\Modules\Loria.Modules.Broadcast\Loria.Modules.Broadcast.csproj", "{C0AD1440-F826-4603-8600-7A168522FE9C}"
EndProject
Project("{FAE04EC0-301F-11D3-BF4B-00C04F79EFBC}") = "Loria.NuGet", "v1\Loria.NuGet\Loria.NuGet.csproj", "{23C4D2FD-6824-4D05-9976-1E4AE683C92B}"
EndProject
Project("{FAE04EC0-301F-11D3-BF4B-00C04F79EFBC}") = "Loria.Modules.NuGet", "v1\Modules\Loria.Modules.NuGet\Loria.Modules.NuGet.csproj", "{46581663-6953-45AC-943C-1A328F8A3E9A}"
EndProject
Project("{FAE04EC0-301F-11D3-BF4B-00C04F79EFBC}") = "Loria.Modules.Spotify", "v1\Modules\Loria.Modules.Spotify\Loria.Modules.Spotify.csproj", "{E207A0FB-2040-40F1-8F45-AB0F5057795F}"
EndProject
Project("{FAE04EC0-301F-11D3-BF4B-00C04F79EFBC}") = "Loria.Modules.DateTime", "v1\Modules\Loria.Modules.DateTime\Loria.Modules.DateTime.csproj", "{DD5C0214-FEDD-430E-AB51-8720C948221B}"
EndProject
Project("{FAE04EC0-301F-11D3-BF4B-00C04F79EFBC}") = "Loria.Modules.Voice", "v1\Modules\Loria.Modules.Voice\Loria.Modules.Voice.csproj", "{156A3D53-BDB6-4083-A893-05AD91F58422}"
EndProject
Project("{FAE04EC0-301F-11D3-BF4B-00C04F79EFBC}") = "Loria.Modules.Ifttt", "v1\Modules\Loria.Modules.Ifttt\Loria.Modules.Ifttt.csproj", "{328A998D-2E2E-4338-A12C-FB3D8CD27A00}"
EndProject
Project("{FAE04EC0-301F-11D3-BF4B-00C04F79EFBC}") = "Loria.Modules.Reminder", "v1\Modules\Loria.Modules.Reminder\Loria.Modules.Reminder.csproj", "{B99974C3-A3E9-4191-94EF-8B7EF682A90D}"
EndProject
Global
	GlobalSection(SolutionConfigurationPlatforms) = preSolution
		Debug|Any CPU = Debug|Any CPU
		Release|Any CPU = Release|Any CPU
	EndGlobalSection
	GlobalSection(ProjectConfigurationPlatforms) = postSolution
		{1EF35DB9-E062-4C14-98EF-80AA4B510BDA}.Debug|Any CPU.ActiveCfg = Debug|Any CPU
		{1EF35DB9-E062-4C14-98EF-80AA4B510BDA}.Debug|Any CPU.Build.0 = Debug|Any CPU
		{1EF35DB9-E062-4C14-98EF-80AA4B510BDA}.Release|Any CPU.ActiveCfg = Release|Any CPU
		{1EF35DB9-E062-4C14-98EF-80AA4B510BDA}.Release|Any CPU.Build.0 = Release|Any CPU
		{26F6DF79-FA0C-419F-8AE9-B7E82F5DD0D8}.Debug|Any CPU.ActiveCfg = Debug|Any CPU
		{26F6DF79-FA0C-419F-8AE9-B7E82F5DD0D8}.Debug|Any CPU.Build.0 = Debug|Any CPU
		{26F6DF79-FA0C-419F-8AE9-B7E82F5DD0D8}.Release|Any CPU.ActiveCfg = Release|Any CPU
		{26F6DF79-FA0C-419F-8AE9-B7E82F5DD0D8}.Release|Any CPU.Build.0 = Release|Any CPU
		{9E77AF1A-BBB3-4E1B-A1C5-1214F2736FE9}.Debug|Any CPU.ActiveCfg = Debug|Any CPU
		{9E77AF1A-BBB3-4E1B-A1C5-1214F2736FE9}.Debug|Any CPU.Build.0 = Debug|Any CPU
		{9E77AF1A-BBB3-4E1B-A1C5-1214F2736FE9}.Release|Any CPU.ActiveCfg = Release|Any CPU
		{9E77AF1A-BBB3-4E1B-A1C5-1214F2736FE9}.Release|Any CPU.Build.0 = Release|Any CPU
		{B5FA7CD5-BCF2-42E2-AA77-B719E7C3849F}.Debug|Any CPU.ActiveCfg = Debug|Any CPU
		{B5FA7CD5-BCF2-42E2-AA77-B719E7C3849F}.Debug|Any CPU.Build.0 = Debug|Any CPU
		{B5FA7CD5-BCF2-42E2-AA77-B719E7C3849F}.Release|Any CPU.ActiveCfg = Release|Any CPU
		{B5FA7CD5-BCF2-42E2-AA77-B719E7C3849F}.Release|Any CPU.Build.0 = Release|Any CPU
		{52472918-A603-45B1-8257-EE3B5E50CEBC}.Debug|Any CPU.ActiveCfg = Debug|Any CPU
		{52472918-A603-45B1-8257-EE3B5E50CEBC}.Debug|Any CPU.Build.0 = Debug|Any CPU
		{52472918-A603-45B1-8257-EE3B5E50CEBC}.Release|Any CPU.ActiveCfg = Release|Any CPU
		{52472918-A603-45B1-8257-EE3B5E50CEBC}.Release|Any CPU.Build.0 = Release|Any CPU
		{9A39AE98-6F33-489F-A4CB-FFA9875DAE96}.Debug|Any CPU.ActiveCfg = Debug|Any CPU
		{9A39AE98-6F33-489F-A4CB-FFA9875DAE96}.Debug|Any CPU.Build.0 = Debug|Any CPU
		{9A39AE98-6F33-489F-A4CB-FFA9875DAE96}.Release|Any CPU.ActiveCfg = Release|Any CPU
		{9A39AE98-6F33-489F-A4CB-FFA9875DAE96}.Release|Any CPU.Build.0 = Release|Any CPU
		{9F42351D-B1B7-4EA6-8481-95EDD0AFAE11}.Debug|Any CPU.ActiveCfg = Debug|Any CPU
		{9F42351D-B1B7-4EA6-8481-95EDD0AFAE11}.Debug|Any CPU.Build.0 = Debug|Any CPU
		{9F42351D-B1B7-4EA6-8481-95EDD0AFAE11}.Release|Any CPU.ActiveCfg = Release|Any CPU
		{9F42351D-B1B7-4EA6-8481-95EDD0AFAE11}.Release|Any CPU.Build.0 = Release|Any CPU
		{6C133A56-DF8B-4C8C-9DD1-0F438E2FC4F7}.Debug|Any CPU.ActiveCfg = Debug|Any CPU
		{6C133A56-DF8B-4C8C-9DD1-0F438E2FC4F7}.Debug|Any CPU.Build.0 = Debug|Any CPU
		{6C133A56-DF8B-4C8C-9DD1-0F438E2FC4F7}.Release|Any CPU.ActiveCfg = Release|Any CPU
		{6C133A56-DF8B-4C8C-9DD1-0F438E2FC4F7}.Release|Any CPU.Build.0 = Release|Any CPU
		{03FEA6A8-A839-460C-B9E6-C7F88EDA2731}.Debug|Any CPU.ActiveCfg = Debug|Any CPU
		{03FEA6A8-A839-460C-B9E6-C7F88EDA2731}.Debug|Any CPU.Build.0 = Debug|Any CPU
		{03FEA6A8-A839-460C-B9E6-C7F88EDA2731}.Release|Any CPU.ActiveCfg = Release|Any CPU
		{03FEA6A8-A839-460C-B9E6-C7F88EDA2731}.Release|Any CPU.Build.0 = Release|Any CPU
		{0FAA3DD1-6E44-44DA-A03B-F45050F8172A}.Debug|Any CPU.ActiveCfg = Debug|Any CPU
		{0FAA3DD1-6E44-44DA-A03B-F45050F8172A}.Debug|Any CPU.Build.0 = Debug|Any CPU
		{0FAA3DD1-6E44-44DA-A03B-F45050F8172A}.Release|Any CPU.ActiveCfg = Release|Any CPU
		{0FAA3DD1-6E44-44DA-A03B-F45050F8172A}.Release|Any CPU.Build.0 = Release|Any CPU
		{32FBB078-3950-40FA-9DAD-D69532ABE2A6}.Debug|Any CPU.ActiveCfg = Debug|Any CPU
		{32FBB078-3950-40FA-9DAD-D69532ABE2A6}.Debug|Any CPU.Build.0 = Debug|Any CPU
		{32FBB078-3950-40FA-9DAD-D69532ABE2A6}.Release|Any CPU.ActiveCfg = Release|Any CPU
		{32FBB078-3950-40FA-9DAD-D69532ABE2A6}.Release|Any CPU.Build.0 = Release|Any CPU
		{CB7A0E3F-C81F-454C-9BBB-AA13584AA087}.Debug|Any CPU.ActiveCfg = Debug|Any CPU
		{CB7A0E3F-C81F-454C-9BBB-AA13584AA087}.Debug|Any CPU.Build.0 = Debug|Any CPU
		{CB7A0E3F-C81F-454C-9BBB-AA13584AA087}.Release|Any CPU.ActiveCfg = Release|Any CPU
		{CB7A0E3F-C81F-454C-9BBB-AA13584AA087}.Release|Any CPU.Build.0 = Release|Any CPU
		{F18823FE-4D7D-4BA5-9B95-8308C283F96B}.Debug|Any CPU.ActiveCfg = Debug|Any CPU
		{F18823FE-4D7D-4BA5-9B95-8308C283F96B}.Debug|Any CPU.Build.0 = Debug|Any CPU
		{F18823FE-4D7D-4BA5-9B95-8308C283F96B}.Release|Any CPU.ActiveCfg = Release|Any CPU
		{F18823FE-4D7D-4BA5-9B95-8308C283F96B}.Release|Any CPU.Build.0 = Release|Any CPU
		{B5C46C79-2039-4098-9A63-1582DC5C00F0}.Debug|Any CPU.ActiveCfg = Debug|Any CPU
		{B5C46C79-2039-4098-9A63-1582DC5C00F0}.Debug|Any CPU.Build.0 = Debug|Any CPU
		{B5C46C79-2039-4098-9A63-1582DC5C00F0}.Release|Any CPU.ActiveCfg = Release|Any CPU
		{B5C46C79-2039-4098-9A63-1582DC5C00F0}.Release|Any CPU.Build.0 = Release|Any CPU
		{03762660-E876-4C51-8FE7-405CF59D1E8E}.Debug|Any CPU.ActiveCfg = Debug|Any CPU
		{03762660-E876-4C51-8FE7-405CF59D1E8E}.Debug|Any CPU.Build.0 = Debug|Any CPU
		{03762660-E876-4C51-8FE7-405CF59D1E8E}.Release|Any CPU.ActiveCfg = Release|Any CPU
		{03762660-E876-4C51-8FE7-405CF59D1E8E}.Release|Any CPU.Build.0 = Release|Any CPU
		{C0AD1440-F826-4603-8600-7A168522FE9C}.Debug|Any CPU.ActiveCfg = Debug|Any CPU
		{C0AD1440-F826-4603-8600-7A168522FE9C}.Debug|Any CPU.Build.0 = Debug|Any CPU
		{C0AD1440-F826-4603-8600-7A168522FE9C}.Release|Any CPU.ActiveCfg = Release|Any CPU
		{C0AD1440-F826-4603-8600-7A168522FE9C}.Release|Any CPU.Build.0 = Release|Any CPU
		{23C4D2FD-6824-4D05-9976-1E4AE683C92B}.Debug|Any CPU.ActiveCfg = Debug|Any CPU
		{23C4D2FD-6824-4D05-9976-1E4AE683C92B}.Debug|Any CPU.Build.0 = Debug|Any CPU
		{23C4D2FD-6824-4D05-9976-1E4AE683C92B}.Release|Any CPU.ActiveCfg = Release|Any CPU
		{23C4D2FD-6824-4D05-9976-1E4AE683C92B}.Release|Any CPU.Build.0 = Release|Any CPU
		{46581663-6953-45AC-943C-1A328F8A3E9A}.Debug|Any CPU.ActiveCfg = Debug|Any CPU
		{46581663-6953-45AC-943C-1A328F8A3E9A}.Debug|Any CPU.Build.0 = Debug|Any CPU
		{46581663-6953-45AC-943C-1A328F8A3E9A}.Release|Any CPU.ActiveCfg = Release|Any CPU
		{46581663-6953-45AC-943C-1A328F8A3E9A}.Release|Any CPU.Build.0 = Release|Any CPU
		{E207A0FB-2040-40F1-8F45-AB0F5057795F}.Debug|Any CPU.ActiveCfg = Debug|Any CPU
		{E207A0FB-2040-40F1-8F45-AB0F5057795F}.Debug|Any CPU.Build.0 = Debug|Any CPU
		{E207A0FB-2040-40F1-8F45-AB0F5057795F}.Release|Any CPU.ActiveCfg = Release|Any CPU
		{E207A0FB-2040-40F1-8F45-AB0F5057795F}.Release|Any CPU.Build.0 = Release|Any CPU
		{DD5C0214-FEDD-430E-AB51-8720C948221B}.Debug|Any CPU.ActiveCfg = Debug|Any CPU
		{DD5C0214-FEDD-430E-AB51-8720C948221B}.Debug|Any CPU.Build.0 = Debug|Any CPU
		{DD5C0214-FEDD-430E-AB51-8720C948221B}.Release|Any CPU.ActiveCfg = Release|Any CPU
		{DD5C0214-FEDD-430E-AB51-8720C948221B}.Release|Any CPU.Build.0 = Release|Any CPU
		{156A3D53-BDB6-4083-A893-05AD91F58422}.Debug|Any CPU.ActiveCfg = Debug|Any CPU
		{156A3D53-BDB6-4083-A893-05AD91F58422}.Debug|Any CPU.Build.0 = Debug|Any CPU
		{156A3D53-BDB6-4083-A893-05AD91F58422}.Release|Any CPU.ActiveCfg = Release|Any CPU
		{156A3D53-BDB6-4083-A893-05AD91F58422}.Release|Any CPU.Build.0 = Release|Any CPU
		{328A998D-2E2E-4338-A12C-FB3D8CD27A00}.Debug|Any CPU.ActiveCfg = Debug|Any CPU
		{328A998D-2E2E-4338-A12C-FB3D8CD27A00}.Debug|Any CPU.Build.0 = Debug|Any CPU
		{328A998D-2E2E-4338-A12C-FB3D8CD27A00}.Release|Any CPU.ActiveCfg = Release|Any CPU
		{328A998D-2E2E-4338-A12C-FB3D8CD27A00}.Release|Any CPU.Build.0 = Release|Any CPU
		{B99974C3-A3E9-4191-94EF-8B7EF682A90D}.Debug|Any CPU.ActiveCfg = Debug|Any CPU
		{B99974C3-A3E9-4191-94EF-8B7EF682A90D}.Debug|Any CPU.Build.0 = Debug|Any CPU
		{B99974C3-A3E9-4191-94EF-8B7EF682A90D}.Release|Any CPU.ActiveCfg = Release|Any CPU
		{B99974C3-A3E9-4191-94EF-8B7EF682A90D}.Release|Any CPU.Build.0 = Release|Any CPU
	EndGlobalSection
	GlobalSection(SolutionProperties) = preSolution
		HideSolutionNode = FALSE
	EndGlobalSection
	GlobalSection(NestedProjects) = preSolution
		{26F6DF79-FA0C-419F-8AE9-B7E82F5DD0D8} = {70A01D63-10BC-4B5D-B0FD-96667731E904}
		{B5FA7CD5-BCF2-42E2-AA77-B719E7C3849F} = {21383DAC-9402-4FB0-BF3C-05F4B3059FC3}
		{52472918-A603-45B1-8257-EE3B5E50CEBC} = {21383DAC-9402-4FB0-BF3C-05F4B3059FC3}
		{9A39AE98-6F33-489F-A4CB-FFA9875DAE96} = {21383DAC-9402-4FB0-BF3C-05F4B3059FC3}
		{9F42351D-B1B7-4EA6-8481-95EDD0AFAE11} = {21383DAC-9402-4FB0-BF3C-05F4B3059FC3}
		{6C133A56-DF8B-4C8C-9DD1-0F438E2FC4F7} = {21383DAC-9402-4FB0-BF3C-05F4B3059FC3}
		{03FEA6A8-A839-460C-B9E6-C7F88EDA2731} = {21383DAC-9402-4FB0-BF3C-05F4B3059FC3}
		{32FBB078-3950-40FA-9DAD-D69532ABE2A6} = {0939675F-36F8-43EB-93AA-0D08057AE5D2}
		{CB7A0E3F-C81F-454C-9BBB-AA13584AA087} = {0939675F-36F8-43EB-93AA-0D08057AE5D2}
		{F18823FE-4D7D-4BA5-9B95-8308C283F96B} = {0939675F-36F8-43EB-93AA-0D08057AE5D2}
		{C94C9F00-C2FC-4ECB-9FD6-F286D21E182A} = {0939675F-36F8-43EB-93AA-0D08057AE5D2}
		{B5C46C79-2039-4098-9A63-1582DC5C00F0} = {C94C9F00-C2FC-4ECB-9FD6-F286D21E182A}
		{03762660-E876-4C51-8FE7-405CF59D1E8E} = {C94C9F00-C2FC-4ECB-9FD6-F286D21E182A}
		{C0AD1440-F826-4603-8600-7A168522FE9C} = {C94C9F00-C2FC-4ECB-9FD6-F286D21E182A}
		{23C4D2FD-6824-4D05-9976-1E4AE683C92B} = {0939675F-36F8-43EB-93AA-0D08057AE5D2}
		{46581663-6953-45AC-943C-1A328F8A3E9A} = {C94C9F00-C2FC-4ECB-9FD6-F286D21E182A}
		{E207A0FB-2040-40F1-8F45-AB0F5057795F} = {C94C9F00-C2FC-4ECB-9FD6-F286D21E182A}
		{DD5C0214-FEDD-430E-AB51-8720C948221B} = {C94C9F00-C2FC-4ECB-9FD6-F286D21E182A}
		{156A3D53-BDB6-4083-A893-05AD91F58422} = {C94C9F00-C2FC-4ECB-9FD6-F286D21E182A}
		{328A998D-2E2E-4338-A12C-FB3D8CD27A00} = {C94C9F00-C2FC-4ECB-9FD6-F286D21E182A}
		{B99974C3-A3E9-4191-94EF-8B7EF682A90D} = {C94C9F00-C2FC-4ECB-9FD6-F286D21E182A}
	EndGlobalSection
	GlobalSection(ExtensibilityGlobals) = postSolution
		SolutionGuid = {5FE41F66-BD7F-4AE9-8808-85C9AA2D1843}
	EndGlobalSection
EndGlobal
